# @generated by Move, please check-in and do not edit manually.

[move]
version = 3
manifest_digest = "E6AFF5A2A36815E61F43F36BCDF7C2F41B09E03DD2BC6D3729E8979FC05E526F"
deps_digest = "F8BBB0CCB2491CA29A3DF03D6F92277A4F3574266507ACD77214D37ECA3F3082"
dependencies = [
  { id = "Sui", name = "Sui" },
]

[[move.package]]
id = "MoveStdlib"
source = { git = "https://github.com/MystenLabs/sui.git", rev = "testnet", subdir = "crates\\sui-framework\\packages\\move-stdlib" }

[[move.package]]
id = "Sui"
source = { git = "https://github.com/MystenLabs/sui.git", rev = "testnet", subdir = "crates/sui-framework/packages/sui-framework" }

dependencies = [
  { id = "MoveStdlib", name = "MoveStdlib" },
]

[move.toolchain-version]
compiler-version = "1.58.2"
edition = "2024.beta"
flavor = "sui"

[env]

[env.testnet]
chain-id = "4c78adac"
original-published-id = "0xbabf9f71177ce4d90e0074b96da9456b37a29ec0358b12711386422998dadd6b"
latest-published-id = "0xbabf9f71177ce4d90e0074b96da9456b37a29ec0358b12711386422998dadd6b"
published-version = "1"
